
Microsoft Visual Studio Solution File, Format Version 12.00
# Visual Studio Version 17
VisualStudioVersion = 17.3.32811.315
MinimumVisualStudioVersion = 10.0.40219.1
Project("{FAE04EC0-301F-11D3-BF4B-00C04F79EFBC}") = "LaborkiPO04", "LaborkiPO04\LaborkiPO04.csproj", "{29754579-8698-4D32-9FD6-7885F45E2F60}"
EndProject
Global
	GlobalSection(SolutionConfigurationPlatforms) = preSolution
		Debug|Any CPU = Debug|Any CPU
		Release|Any CPU = Release|Any CPU
	EndGlobalSection
	GlobalSection(ProjectConfigurationPlatforms) = postSolution
		{29754579-8698-4D32-9FD6-7885F45E2F60}.Debug|Any CPU.ActiveCfg = Debug|Any CPU
		{29754579-8698-4D32-9FD6-7885F45E2F60}.Debug|Any CPU.Build.0 = Debug|Any CPU
		{29754579-8698-4D32-9FD6-7885F45E2F60}.Release|Any CPU.ActiveCfg = Release|Any CPU
		{29754579-8698-4D32-9FD6-7885F45E2F60}.Release|Any CPU.Build.0 = Release|Any CPU
	EndGlobalSection
	GlobalSection(SolutionProperties) = preSolution
		HideSolutionNode = FALSE
	EndGlobalSection
	GlobalSection(ExtensibilityGlobals) = postSolution
		SolutionGuid = {34A5AEDA-064B-4F06-9C0B-3FBE396DA40F}
	EndGlobalSection
EndGlobal
