
Microsoft Visual Studio Solution File, Format Version 12.00
# Visual Studio Version 17
VisualStudioVersion = 17.1.32210.238
MinimumVisualStudioVersion = 10.0.40219.1
Project("{FAE04EC0-301F-11D3-BF4B-00C04F79EFBC}") = "Zadanie 522 - Przedszkolanka", "Zadanie 522 - Przedszkolanka\Zadanie 522 - Przedszkolanka.csproj", "{0608C4FB-8279-409F-816E-16397FC43983}"
EndProject
Global
	GlobalSection(SolutionConfigurationPlatforms) = preSolution
		Debug|Any CPU = Debug|Any CPU
		Release|Any CPU = Release|Any CPU
	EndGlobalSection
	GlobalSection(ProjectConfigurationPlatforms) = postSolution
		{0608C4FB-8279-409F-816E-16397FC43983}.Debug|Any CPU.ActiveCfg = Debug|Any CPU
		{0608C4FB-8279-409F-816E-16397FC43983}.Debug|Any CPU.Build.0 = Debug|Any CPU
		{0608C4FB-8279-409F-816E-16397FC43983}.Release|Any CPU.ActiveCfg = Release|Any CPU
		{0608C4FB-8279-409F-816E-16397FC43983}.Release|Any CPU.Build.0 = Release|Any CPU
	EndGlobalSection
	GlobalSection(SolutionProperties) = preSolution
		HideSolutionNode = FALSE
	EndGlobalSection
	GlobalSection(ExtensibilityGlobals) = postSolution
		SolutionGuid = {E2D97034-3928-4688-8A5D-F4C6B39AC8A9}
	EndGlobalSection
EndGlobal
